
Microsoft Visual Studio Solution File, Format Version 12.00
# Visual Studio Version 17
VisualStudioVersion = 17.8.34316.72
MinimumVisualStudioVersion = 10.0.40219.1
Project("{8BC9CEB8-8B4A-11D0-8D11-00A0C91BC942}") = "PatternFlyweight", "PatternFlyweight\PatternFlyweight.vcxproj", "{74356754-E6AB-4DB4-A026-313F29393A39}"
EndProject
Global
	GlobalSection(SolutionConfigurationPlatforms) = preSolution
		Debug|x64 = Debug|x64
		Debug|x86 = Debug|x86
		Release|x64 = Release|x64
		Release|x86 = Release|x86
	EndGlobalSection
	GlobalSection(ProjectConfigurationPlatforms) = postSolution
		{74356754-E6AB-4DB4-A026-313F29393A39}.Debug|x64.ActiveCfg = Debug|x64
		{74356754-E6AB-4DB4-A026-313F29393A39}.Debug|x64.Build.0 = Debug|x64
		{74356754-E6AB-4DB4-A026-313F29393A39}.Debug|x86.ActiveCfg = Debug|Win32
		{74356754-E6AB-4DB4-A026-313F29393A39}.Debug|x86.Build.0 = Debug|Win32
		{74356754-E6AB-4DB4-A026-313F29393A39}.Release|x64.ActiveCfg = Release|x64
		{74356754-E6AB-4DB4-A026-313F29393A39}.Release|x64.Build.0 = Release|x64
		{74356754-E6AB-4DB4-A026-313F29393A39}.Release|x86.ActiveCfg = Release|Win32
		{74356754-E6AB-4DB4-A026-313F29393A39}.Release|x86.Build.0 = Release|Win32
	EndGlobalSection
	GlobalSection(SolutionProperties) = preSolution
		HideSolutionNode = FALSE
	EndGlobalSection
	GlobalSection(ExtensibilityGlobals) = postSolution
		SolutionGuid = {66937200-BDB4-44D0-BCC3-89A42E1ECE8E}
	EndGlobalSection
EndGlobal
